// !$*UTF8*$!
{
	archiveVersion = 1;
	classes = {
	};
	objectVersion = 51;
	objects = {

/* Begin PBXBuildFile section */
		34222074244080A400639C60 /* HomeViewModel.swift in Sources */ = {isa = PBXBuildFile; fileRef = 34222073244080A400639C60 /* HomeViewModel.swift */; };
		34222076244099FE00639C60 /* NewsArticle.swift in Sources */ = {isa = PBXBuildFile; fileRef = 34222075244099FE00639C60 /* NewsArticle.swift */; };
		342220792441C69800639C60 /* ApiService.swift in Sources */ = {isa = PBXBuildFile; fileRef = 342220782441C69800639C60 /* ApiService.swift */; };
		343EC0B4244C306500D8C39D /* NewsPresentationMapper.swift in Sources */ = {isa = PBXBuildFile; fileRef = 343EC0B3244C306500D8C39D /* NewsPresentationMapper.swift */; };
		34D640EA2430AF030003A496 /* AppDelegate.swift in Sources */ = {isa = PBXBuildFile; fileRef = 34D640E92430AF030003A496 /* AppDelegate.swift */; };
		34D640EC2430AF030003A496 /* SceneDelegate.swift in Sources */ = {isa = PBXBuildFile; fileRef = 34D640EB2430AF030003A496 /* SceneDelegate.swift */; };
		34D640EE2430AF030003A496 /* HomeViewController.swift in Sources */ = {isa = PBXBuildFile; fileRef = 34D640ED2430AF030003A496 /* HomeViewController.swift */; };
		34D640F12430AF030003A496 /* Main.storyboard in Resources */ = {isa = PBXBuildFile; fileRef = 34D640EF2430AF030003A496 /* Main.storyboard */; };
		34D640F32430AF050003A496 /* Assets.xcassets in Resources */ = {isa = PBXBuildFile; fileRef = 34D640F22430AF050003A496 /* Assets.xcassets */; };
		34D640F62430AF050003A496 /* LaunchScreen.storyboard in Resources */ = {isa = PBXBuildFile; fileRef = 34D640F42430AF050003A496 /* LaunchScreen.storyboard */; };
		34D641022430B0C70003A496 /* TopHeadlinesResponse.swift in Sources */ = {isa = PBXBuildFile; fileRef = 34D641012430B0C70003A496 /* TopHeadlinesResponse.swift */; };
		34D641072430B59D0003A496 /* TopHeadlineTableViewCell.swift in Sources */ = {isa = PBXBuildFile; fileRef = 34D641062430B59D0003A496 /* TopHeadlineTableViewCell.swift */; };
		34EF3215243837BD005128B9 /* NewsDetailViewController.swift in Sources */ = {isa = PBXBuildFile; fileRef = 34EF3214243837BD005128B9 /* NewsDetailViewController.swift */; };
		58A9CD2BAF3B780F5B177A5B /* Pods_FlashNews.framework in Frameworks */ = {isa = PBXBuildFile; fileRef = 97E1088BC1DFE9AB79F62A62 /* Pods_FlashNews.framework */; };
/* End PBXBuildFile section */

/* Begin PBXFileReference section */
		086FEC532E4FAA06CA27F792 /* Pods-FlashNews.release.xcconfig */ = {isa = PBXFileReference; includeInIndex = 1; lastKnownFileType = text.xcconfig; name = "Pods-FlashNews.release.xcconfig"; path = "Target Support Files/Pods-FlashNews/Pods-FlashNews.release.xcconfig"; sourceTree = "<group>"; };
		34222073244080A400639C60 /* HomeViewModel.swift */ = {isa = PBXFileReference; lastKnownFileType = sourcecode.swift; path = HomeViewModel.swift; sourceTree = "<group>"; };
		34222075244099FE00639C60 /* NewsArticle.swift */ = {isa = PBXFileReference; lastKnownFileType = sourcecode.swift; path = NewsArticle.swift; sourceTree = "<group>"; };
		342220782441C69800639C60 /* ApiService.swift */ = {isa = PBXFileReference; lastKnownFileType = sourcecode.swift; path = ApiService.swift; sourceTree = "<group>"; };
		343EC0B3244C306500D8C39D /* NewsPresentationMapper.swift */ = {isa = PBXFileReference; lastKnownFileType = sourcecode.swift; path = NewsPresentationMapper.swift; sourceTree = "<group>"; };
		34D640E62430AF030003A496 /* FlashNews.app */ = {isa = PBXFileReference; explicitFileType = wrapper.application; includeInIndex = 0; path = FlashNews.app; sourceTree = BUILT_PRODUCTS_DIR; };
		34D640E92430AF030003A496 /* AppDelegate.swift */ = {isa = PBXFileReference; lastKnownFileType = sourcecode.swift; path = AppDelegate.swift; sourceTree = "<group>"; };
		34D640EB2430AF030003A496 /* SceneDelegate.swift */ = {isa = PBXFileReference; lastKnownFileType = sourcecode.swift; path = SceneDelegate.swift; sourceTree = "<group>"; };
		34D640ED2430AF030003A496 /* HomeViewController.swift */ = {isa = PBXFileReference; lastKnownFileType = sourcecode.swift; path = HomeViewController.swift; sourceTree = "<group>"; };
		34D640F02430AF030003A496 /* Base */ = {isa = PBXFileReference; lastKnownFileType = file.storyboard; name = Base; path = Base.lproj/Main.storyboard; sourceTree = "<group>"; };
		34D640F22430AF050003A496 /* Assets.xcassets */ = {isa = PBXFileReference; lastKnownFileType = folder.assetcatalog; path = Assets.xcassets; sourceTree = "<group>"; };
		34D640F52430AF050003A496 /* Base */ = {isa = PBXFileReference; lastKnownFileType = file.storyboard; name = Base; path = Base.lproj/LaunchScreen.storyboard; sourceTree = "<group>"; };
		34D640F72430AF050003A496 /* Info.plist */ = {isa = PBXFileReference; lastKnownFileType = text.plist.xml; path = Info.plist; sourceTree = "<group>"; };
		34D641012430B0C70003A496 /* TopHeadlinesResponse.swift */ = {isa = PBXFileReference; lastKnownFileType = sourcecode.swift; path = TopHeadlinesResponse.swift; sourceTree = "<group>"; };
		34D641062430B59D0003A496 /* TopHeadlineTableViewCell.swift */ = {isa = PBXFileReference; lastKnownFileType = sourcecode.swift; path = TopHeadlineTableViewCell.swift; sourceTree = "<group>"; };
		34EF3214243837BD005128B9 /* NewsDetailViewController.swift */ = {isa = PBXFileReference; lastKnownFileType = sourcecode.swift; path = NewsDetailViewController.swift; sourceTree = "<group>"; };
		4981366F37E6259639F69116 /* Pods-FlashNews.debug.xcconfig */ = {isa = PBXFileReference; includeInIndex = 1; lastKnownFileType = text.xcconfig; name = "Pods-FlashNews.debug.xcconfig"; path = "Target Support Files/Pods-FlashNews/Pods-FlashNews.debug.xcconfig"; sourceTree = "<group>"; };
		97E1088BC1DFE9AB79F62A62 /* Pods_FlashNews.framework */ = {isa = PBXFileReference; explicitFileType = wrapper.framework; includeInIndex = 0; path = Pods_FlashNews.framework; sourceTree = BUILT_PRODUCTS_DIR; };
/* End PBXFileReference section */

/* Begin PBXFrameworksBuildPhase section */
		34D640E32430AF030003A496 /* Frameworks */ = {
			isa = PBXFrameworksBuildPhase;
			buildActionMask = 2147483647;
			files = (
				58A9CD2BAF3B780F5B177A5B /* Pods_FlashNews.framework in Frameworks */,
			);
			runOnlyForDeploymentPostprocessing = 0;
		};
/* End PBXFrameworksBuildPhase section */

/* Begin PBXGroup section */
		2F4FEB60D3018667860EA1A4 /* Pods */ = {
			isa = PBXGroup;
			children = (
				4981366F37E6259639F69116 /* Pods-FlashNews.debug.xcconfig */,
				086FEC532E4FAA06CA27F792 /* Pods-FlashNews.release.xcconfig */,
			);
			path = Pods;
			sourceTree = "<group>";
		};
		342220722440808600639C60 /* viewmodel */ = {
			isa = PBXGroup;
			children = (
				343EC0B2244C304E00D8C39D /* mapper */,
				34222073244080A400639C60 /* HomeViewModel.swift */,
			);
			path = viewmodel;
			sourceTree = "<group>";
		};
		342220772441C67D00639C60 /* service */ = {
			isa = PBXGroup;
			children = (
				342220782441C69800639C60 /* ApiService.swift */,
			);
			path = service;
			sourceTree = "<group>";
		};
		343EC0B2244C304E00D8C39D /* mapper */ = {
			isa = PBXGroup;
			children = (
				343EC0B3244C306500D8C39D /* NewsPresentationMapper.swift */,
			);
			path = mapper;
			sourceTree = "<group>";
		};
		34D640DD2430AF030003A496 = {
			isa = PBXGroup;
			children = (
				34D640E82430AF030003A496 /* FlashNews */,
				34D640E72430AF030003A496 /* Products */,
				2F4FEB60D3018667860EA1A4 /* Pods */,
				AE862B6163ED5ABB35C1308D /* Frameworks */,
			);
			sourceTree = "<group>";
		};
		34D640E72430AF030003A496 /* Products */ = {
			isa = PBXGroup;
			children = (
				34D640E62430AF030003A496 /* FlashNews.app */,
			);
			name = Products;
			sourceTree = "<group>";
		};
		34D640E82430AF030003A496 /* FlashNews */ = {
			isa = PBXGroup;
			children = (
				342220772441C67D00639C60 /* service */,
				342220722440808600639C60 /* viewmodel */,
				34D641052430B58A0003A496 /* view */,
				34D641002430B0A90003A496 /* model */,
				34D640FF2430AFD90003A496 /* storyboard */,
				34D640FE2430AFD70003A496 /* viewcontroller */,
				34D640FD2430AFD50003A496 /* assets */,
				34D640E92430AF030003A496 /* AppDelegate.swift */,
				34D640EB2430AF030003A496 /* SceneDelegate.swift */,
				34D640F42430AF050003A496 /* LaunchScreen.storyboard */,
				34D640F72430AF050003A496 /* Info.plist */,
			);
			path = FlashNews;
			sourceTree = "<group>";
		};
		34D640FD2430AFD50003A496 /* assets */ = {
			isa = PBXGroup;
			children = (
				34D640F22430AF050003A496 /* Assets.xcassets */,
			);
			path = assets;
			sourceTree = "<group>";
		};
		34D640FE2430AFD70003A496 /* viewcontroller */ = {
			isa = PBXGroup;
			children = (
				34D640ED2430AF030003A496 /* HomeViewController.swift */,
				34EF3214243837BD005128B9 /* NewsDetailViewController.swift */,
			);
			path = viewcontroller;
			sourceTree = "<group>";
		};
		34D640FF2430AFD90003A496 /* storyboard */ = {
			isa = PBXGroup;
			children = (
				34D640EF2430AF030003A496 /* Main.storyboard */,
			);
			path = storyboard;
			sourceTree = "<group>";
		};
		34D641002430B0A90003A496 /* model */ = {
			isa = PBXGroup;
			children = (
				34D641012430B0C70003A496 /* TopHeadlinesResponse.swift */,
				34222075244099FE00639C60 /* NewsArticle.swift */,
			);
			path = model;
			sourceTree = "<group>";
		};
		34D641052430B58A0003A496 /* view */ = {
			isa = PBXGroup;
			children = (
				34D641062430B59D0003A496 /* TopHeadlineTableViewCell.swift */,
			);
			path = view;
			sourceTree = "<group>";
		};
		AE862B6163ED5ABB35C1308D /* Frameworks */ = {
			isa = PBXGroup;
			children = (
				97E1088BC1DFE9AB79F62A62 /* Pods_FlashNews.framework */,
			);
			name = Frameworks;
			sourceTree = "<group>";
		};
/* End PBXGroup section */

/* Begin PBXNativeTarget section */
		34D640E52430AF030003A496 /* FlashNews */ = {
			isa = PBXNativeTarget;
			buildConfigurationList = 34D640FA2430AF050003A496 /* Build configuration list for PBXNativeTarget "FlashNews" */;
			buildPhases = (
				93A4FDFF53F4536FC9559224 /* [CP] Check Pods Manifest.lock */,
				34D640E22430AF030003A496 /* Sources */,
				34D640E32430AF030003A496 /* Frameworks */,
				34D640E42430AF030003A496 /* Resources */,
				DC59CA90156363561F20F1D4 /* [CP] Embed Pods Frameworks */,
			);
			buildRules = (
			);
			dependencies = (
			);
			name = FlashNews;
			productName = FlashNews;
			productReference = 34D640E62430AF030003A496 /* FlashNews.app */;
			productType = "com.apple.product-type.application";
		};
/* End PBXNativeTarget section */

/* Begin PBXProject section */
		34D640DE2430AF030003A496 /* Project object */ = {
			isa = PBXProject;
			attributes = {
				LastSwiftUpdateCheck = 1130;
				LastUpgradeCheck = 1130;
				ORGANIZATIONNAME = "Fajar Chaeril Azhar";
				TargetAttributes = {
					34D640E52430AF030003A496 = {
						CreatedOnToolsVersion = 11.3;
					};
				};
			};
			buildConfigurationList = 34D640E12430AF030003A496 /* Build configuration list for PBXProject "FlashNews" */;
			compatibilityVersion = "Xcode 9.3";
			developmentRegion = en;
			hasScannedForEncodings = 0;
			knownRegions = (
				en,
				Base,
			);
			mainGroup = 34D640DD2430AF030003A496;
			productRefGroup = 34D640E72430AF030003A496 /* Products */;
			projectDirPath = "";
			projectRoot = "";
			targets = (
				34D640E52430AF030003A496 /* FlashNews */,
			);
		};
/* End PBXProject section */

/* Begin PBXResourcesBuildPhase section */
		34D640E42430AF030003A496 /* Resources */ = {
			isa = PBXResourcesBuildPhase;
			buildActionMask = 2147483647;
			files = (
				34D640F62430AF050003A496 /* LaunchScreen.storyboard in Resources */,
				34D640F32430AF050003A496 /* Assets.xcassets in Resources */,
				34D640F12430AF030003A496 /* Main.storyboard in Resources */,
			);
			runOnlyForDeploymentPostprocessing = 0;
		};
/* End PBXResourcesBuildPhase section */

/* Begin PBXShellScriptBuildPhase section */
		93A4FDFF53F4536FC9559224 /* [CP] Check Pods Manifest.lock */ = {
			isa = PBXShellScriptBuildPhase;
			buildActionMask = 2147483647;
			files = (
			);
			inputFileListPaths = (
			);
			inputPaths = (
				"${PODS_PODFILE_DIR_PATH}/Podfile.lock",
				"${PODS_ROOT}/Manifest.lock",
			);
			name = "[CP] Check Pods Manifest.lock";
			outputFileListPaths = (
			);
			outputPaths = (
				"$(DERIVED_FILE_DIR)/Pods-FlashNews-checkManifestLockResult.txt",
			);
			runOnlyForDeploymentPostprocessing = 0;
			shellPath = /bin/sh;
			shellScript = "diff \"${PODS_PODFILE_DIR_PATH}/Podfile.lock\" \"${PODS_ROOT}/Manifest.lock\" > /dev/null\nif [ $? != 0 ] ; then\n    # print error to STDERR\n    echo \"error: The sandbox is not in sync with the Podfile.lock. Run 'pod install' or update your CocoaPods installation.\" >&2\n    exit 1\nfi\n# This output is used by Xcode 'outputs' to avoid re-running this script phase.\necho \"SUCCESS\" > \"${SCRIPT_OUTPUT_FILE_0}\"\n";
			showEnvVarsInLog = 0;
		};
		DC59CA90156363561F20F1D4 /* [CP] Embed Pods Frameworks */ = {
			isa = PBXShellScriptBuildPhase;
			buildActionMask = 2147483647;
			files = (
			);
			inputFileListPaths = (
				"${PODS_ROOT}/Target Support Files/Pods-FlashNews/Pods-FlashNews-frameworks-${CONFIGURATION}-input-files.xcfilelist",
			);
			name = "[CP] Embed Pods Frameworks";
			outputFileListPaths = (
				"${PODS_ROOT}/Target Support Files/Pods-FlashNews/Pods-FlashNews-frameworks-${CONFIGURATION}-output-files.xcfilelist",
			);
			runOnlyForDeploymentPostprocessing = 0;
			shellPath = /bin/sh;
			shellScript = "\"${PODS_ROOT}/Target Support Files/Pods-FlashNews/Pods-FlashNews-frameworks.sh\"\n";
			showEnvVarsInLog = 0;
		};
/* End PBXShellScriptBuildPhase section */

/* Begin PBXSourcesBuildPhase section */
		34D640E22430AF030003A496 /* Sources */ = {
			isa = PBXSourcesBuildPhase;
			buildActionMask = 2147483647;
			files = (
				34D641022430B0C70003A496 /* TopHeadlinesResponse.swift in Sources */,
				34D640EE2430AF030003A496 /* HomeViewController.swift in Sources */,
				34222074244080A400639C60 /* HomeViewModel.swift in Sources */,
				34D640EA2430AF030003A496 /* AppDelegate.swift in Sources */,
				34D641072430B59D0003A496 /* TopHeadlineTableViewCell.swift in Sources */,
				342220792441C69800639C60 /* ApiService.swift in Sources */,
				34222076244099FE00639C60 /* NewsArticle.swift in Sources */,
				343EC0B4244C306500D8C39D /* NewsPresentationMapper.swift in Sources */,
				34EF3215243837BD005128B9 /* NewsDetailViewController.swift in Sources */,
				34D640EC2430AF030003A496 /* SceneDelegate.swift in Sources */,
			);
			runOnlyForDeploymentPostprocessing = 0;
		};
/* End PBXSourcesBuildPhase section */

/* Begin PBXVariantGroup section */
		34D640EF2430AF030003A496 /* Main.storyboard */ = {
			isa = PBXVariantGroup;
			children = (
				34D640F02430AF030003A496 /* Base */,
			);
			name = Main.storyboard;
			sourceTree = "<group>";
		};
		34D640F42430AF050003A496 /* LaunchScreen.storyboard */ = {
			isa = PBXVariantGroup;
			children = (
				34D640F52430AF050003A496 /* Base */,
			);
			name = LaunchScreen.storyboard;
			sourceTree = "<group>";
		};
/* End PBXVariantGroup section */

/* Begin XCBuildConfiguration section */
		34D640F82430AF050003A496 /* Debug */ = {
			isa = XCBuildConfiguration;
			buildSettings = {
				ALWAYS_SEARCH_USER_PATHS = NO;
				CLANG_ANALYZER_NONNULL = YES;
				CLANG_ANALYZER_NUMBER_OBJECT_CONVERSION = YES_AGGRESSIVE;
				CLANG_CXX_LANGUAGE_STANDARD = "gnu++14";
				CLANG_CXX_LIBRARY = "libc++";
				CLANG_ENABLE_MODULES = YES;
				CLANG_ENABLE_OBJC_ARC = YES;
				CLANG_ENABLE_OBJC_WEAK = YES;
				CLANG_WARN_BLOCK_CAPTURE_AUTORELEASING = YES;
				CLANG_WARN_BOOL_CONVERSION = YES;
				CLANG_WARN_COMMA = YES;
				CLANG_WARN_CONSTANT_CONVERSION = YES;
				CLANG_WARN_DEPRECATED_OBJC_IMPLEMENTATIONS = YES;
				CLANG_WARN_DIRECT_OBJC_ISA_USAGE = YES_ERROR;
				CLANG_WARN_DOCUMENTATION_COMMENTS = YES;
				CLANG_WARN_EMPTY_BODY = YES;
				CLANG_WARN_ENUM_CONVERSION = YES;
				CLANG_WARN_INFINITE_RECURSION = YES;
				CLANG_WARN_INT_CONVERSION = YES;
				CLANG_WARN_NON_LITERAL_NULL_CONVERSION = YES;
				CLANG_WARN_OBJC_IMPLICIT_RETAIN_SELF = YES;
				CLANG_WARN_OBJC_LITERAL_CONVERSION = YES;
				CLANG_WARN_OBJC_ROOT_CLASS = YES_ERROR;
				CLANG_WARN_RANGE_LOOP_ANALYSIS = YES;
				CLANG_WARN_STRICT_PROTOTYPES = YES;
				CLANG_WARN_SUSPICIOUS_MOVE = YES;
				CLANG_WARN_UNGUARDED_AVAILABILITY = YES_AGGRESSIVE;
				CLANG_WARN_UNREACHABLE_CODE = YES;
				CLANG_WARN__DUPLICATE_METHOD_MATCH = YES;
				COPY_PHASE_STRIP = NO;
				DEBUG_INFORMATION_FORMAT = dwarf;
				ENABLE_STRICT_OBJC_MSGSEND = YES;
				ENABLE_TESTABILITY = YES;
				GCC_C_LANGUAGE_STANDARD = gnu11;
				GCC_DYNAMIC_NO_PIC = NO;
				GCC_NO_COMMON_BLOCKS = YES;
				GCC_OPTIMIZATION_LEVEL = 0;
				GCC_PREPROCESSOR_DEFINITIONS = (
					"DEBUG=1",
					"$(inherited)",
				);
				GCC_WARN_64_TO_32_BIT_CONVERSION = YES;
				GCC_WARN_ABOUT_RETURN_TYPE = YES_ERROR;
				GCC_WARN_UNDECLARED_SELECTOR = YES;
				GCC_WARN_UNINITIALIZED_AUTOS = YES_AGGRESSIVE;
				GCC_WARN_UNUSED_FUNCTION = YES;
				GCC_WARN_UNUSED_VARIABLE = YES;
				IPHONEOS_DEPLOYMENT_TARGET = 13.2;
				MTL_ENABLE_DEBUG_INFO = INCLUDE_SOURCE;
				MTL_FAST_MATH = YES;
				ONLY_ACTIVE_ARCH = YES;
				SDKROOT = iphoneos;
				SWIFT_ACTIVE_COMPILATION_CONDITIONS = DEBUG;
				SWIFT_OPTIMIZATION_LEVEL = "-Onone";
			};
			name = Debug;
		};
		34D640F92430AF050003A496 /* Release */ = {
			isa = XCBuildConfiguration;
			buildSettings = {
				ALWAYS_SEARCH_USER_PATHS = NO;
				CLANG_ANALYZER_NONNULL = YES;
				CLANG_ANALYZER_NUMBER_OBJECT_CONVERSION = YES_AGGRESSIVE;
				CLANG_CXX_LANGUAGE_STANDARD = "gnu++14";
				CLANG_CXX_LIBRARY = "libc++";
				CLANG_ENABLE_MODULES = YES;
				CLANG_ENABLE_OBJC_ARC = YES;
				CLANG_ENABLE_OBJC_WEAK = YES;
				CLANG_WARN_BLOCK_CAPTURE_AUTORELEASING = YES;
				CLANG_WARN_BOOL_CONVERSION = YES;
				CLANG_WARN_COMMA = YES;
				CLANG_WARN_CONSTANT_CONVERSION = YES;
				CLANG_WARN_DEPRECATED_OBJC_IMPLEMENTATIONS = YES;
				CLANG_WARN_DIRECT_OBJC_ISA_USAGE = YES_ERROR;
				CLANG_WARN_DOCUMENTATION_COMMENTS = YES;
				CLANG_WARN_EMPTY_BODY = YES;
				CLANG_WARN_ENUM_CONVERSION = YES;
				CLANG_WARN_INFINITE_RECURSION = YES;
				CLANG_WARN_INT_CONVERSION = YES;
				CLANG_WARN_NON_LITERAL_NULL_CONVERSION = YES;
				CLANG_WARN_OBJC_IMPLICIT_RETAIN_SELF = YES;
				CLANG_WARN_OBJC_LITERAL_CONVERSION = YES;
				CLANG_WARN_OBJC_ROOT_CLASS = YES_ERROR;
				CLANG_WARN_RANGE_LOOP_ANALYSIS = YES;
				CLANG_WARN_STRICT_PROTOTYPES = YES;
				CLANG_WARN_SUSPICIOUS_MOVE = YES;
				CLANG_WARN_UNGUARDED_AVAILABILITY = YES_AGGRESSIVE;
				CLANG_WARN_UNREACHABLE_CODE = YES;
				CLANG_WARN__DUPLICATE_METHOD_MATCH = YES;
				COPY_PHASE_STRIP = NO;
				DEBUG_INFORMATION_FORMAT = "dwarf-with-dsym";
				ENABLE_NS_ASSERTIONS = NO;
				ENABLE_STRICT_OBJC_MSGSEND = YES;
				GCC_C_LANGUAGE_STANDARD = gnu11;
				GCC_NO_COMMON_BLOCKS = YES;
				GCC_WARN_64_TO_32_BIT_CONVERSION = YES;
				GCC_WARN_ABOUT_RETURN_TYPE = YES_ERROR;
				GCC_WARN_UNDECLARED_SELECTOR = YES;
				GCC_WARN_UNINITIALIZED_AUTOS = YES_AGGRESSIVE;
				GCC_WARN_UNUSED_FUNCTION = YES;
				GCC_WARN_UNUSED_VARIABLE = YES;
				IPHONEOS_DEPLOYMENT_TARGET = 13.2;
				MTL_ENABLE_DEBUG_INFO = NO;
				MTL_FAST_MATH = YES;
				SDKROOT = iphoneos;
				SWIFT_COMPILATION_MODE = wholemodule;
				SWIFT_OPTIMIZATION_LEVEL = "-O";
				VALIDATE_PRODUCT = YES;
			};
			name = Release;
		};
		34D640FB2430AF050003A496 /* Debug */ = {
			isa = XCBuildConfiguration;
			baseConfigurationReference = 4981366F37E6259639F69116 /* Pods-FlashNews.debug.xcconfig */;
			buildSettings = {
				ASSETCATALOG_COMPILER_APPICON_NAME = AppIcon;
				CODE_SIGN_STYLE = Automatic;
				DEVELOPMENT_TEAM = K8CBR2H92K;
				INFOPLIST_FILE = FlashNews/Info.plist;
				LD_RUNPATH_SEARCH_PATHS = (
					"$(inherited)",
					"@executable_path/Frameworks",
				);
				PRODUCT_BUNDLE_IDENTIFIER = io.fajarca.FlashNews;
				PRODUCT_NAME = "$(TARGET_NAME)";
				SWIFT_VERSION = 5.0;
				TARGETED_DEVICE_FAMILY = "1,2";
			};
			name = Debug;
		};
		34D640FC2430AF050003A496 /* Release */ = {
			isa = XCBuildConfiguration;
			baseConfigurationReference = 086FEC532E4FAA06CA27F792 /* Pods-FlashNews.release.xcconfig */;
			buildSettings = {
				ASSETCATALOG_COMPILER_APPICON_NAME = AppIcon;
				CODE_SIGN_STYLE = Automatic;
				DEVELOPMENT_TEAM = K8CBR2H92K;
				INFOPLIST_FILE = FlashNews/Info.plist;
				LD_RUNPATH_SEARCH_PATHS = (
					"$(inherited)",
					"@executable_path/Frameworks",
				);
				PRODUCT_BUNDLE_IDENTIFIER = io.fajarca.FlashNews;
				PRODUCT_NAME = "$(TARGET_NAME)";
				SWIFT_VERSION = 5.0;
				TARGETED_DEVICE_FAMILY = "1,2";
			};
			name = Release;
		};
/* End XCBuildConfiguration section */

/* Begin XCConfigurationList section */
		34D640E12430AF030003A496 /* Build configuration list for PBXProject "FlashNews" */ = {
			isa = XCConfigurationList;
			buildConfigurations = (
				34D640F82430AF050003A496 /* Debug */,
				34D640F92430AF050003A496 /* Release */,
			);
			defaultConfigurationIsVisible = 0;
			defaultConfigurationName = Release;
		};
		34D640FA2430AF050003A496 /* Build configuration list for PBXNativeTarget "FlashNews" */ = {
			isa = XCConfigurationList;
			buildConfigurations = (
				34D640FB2430AF050003A496 /* Debug */,
				34D640FC2430AF050003A496 /* Release */,
			);
			defaultConfigurationIsVisible = 0;
			defaultConfigurationName = Release;
		};
/* End XCConfigurationList section */
	};
	rootObject = 34D640DE2430AF030003A496 /* Project object */;
}
